<Solution>
  <Folder Name="/apphost/">
    <Project Path="apphost/Archive.AppHost.csproj" />
  </Folder>
  <Folder Name="/backend/">
    <Project Path="backend/Archive.Backend.csproj" />
  </Folder>
  <Folder Name="/service-defaults/">
    <Project Path="service-defaults/Archive.ServiceDefaults.csproj" />
  </Folder>
  <Project Path="../../tests/archive/apphost/Archive.AppHost.Tests.csproj" />
  <Project Path="../../tests/archive/backend/Archive.Backend.Tests.csproj" />
</Solution>
